
Microsoft Visual Studio Solution File, Format Version 12.00
Project("{FAE04EC0-301F-11D3-BF4B-00C04F79EFBC}") = "apbd_project", "apbd_project.csproj", "{F03732C9-29DB-4A31-8187-CF7CB193629F}"
EndProject
Global
	GlobalSection(SolutionConfigurationPlatforms) = preSolution
		Debug|Any CPU = Debug|Any CPU
		Release|Any CPU = Release|Any CPU
	EndGlobalSection
	GlobalSection(ProjectConfigurationPlatforms) = postSolution
		{F03732C9-29DB-4A31-8187-CF7CB193629F}.Debug|Any CPU.ActiveCfg = Debug|Any CPU
		{F03732C9-29DB-4A31-8187-CF7CB193629F}.Debug|Any CPU.Build.0 = Debug|Any CPU
		{F03732C9-29DB-4A31-8187-CF7CB193629F}.Release|Any CPU.ActiveCfg = Release|Any CPU
		{F03732C9-29DB-4A31-8187-CF7CB193629F}.Release|Any CPU.Build.0 = Release|Any CPU
	EndGlobalSection
EndGlobal
